// !$*UTF8*$!
{
	archiveVersion = 1;
	classes = {
	};
	objectVersion = 56;
	objects = {

/* Begin PBXBuildFile section */
		8A9F40272BDBF04600EF15C6 /* GoogleService-Info.plist in Resources */ = {isa = PBXBuildFile; fileRef = 8A9F40262BDBF04600EF15C6 /* GoogleService-Info.plist */; };
		8AD09DB72BD80A97008E56D1 /* ChatCloneSwiftUIApp.swift in Sources */ = {isa = PBXBuildFile; fileRef = 8AD09DB62BD80A97008E56D1 /* ChatCloneSwiftUIApp.swift */; };
		8AD09DB92BD80A97008E56D1 /* ContentView.swift in Sources */ = {isa = PBXBuildFile; fileRef = 8AD09DB82BD80A97008E56D1 /* ContentView.swift */; };
		8AD09DBB2BD80A9A008E56D1 /* Assets.xcassets in Resources */ = {isa = PBXBuildFile; fileRef = 8AD09DBA2BD80A9A008E56D1 /* Assets.xcassets */; };
		8AD09DBE2BD80A9A008E56D1 /* Preview Assets.xcassets in Resources */ = {isa = PBXBuildFile; fileRef = 8AD09DBD2BD80A9A008E56D1 /* Preview Assets.xcassets */; };
		8AD09DCB2BD91A45008E56D1 /* LoginView.swift in Sources */ = {isa = PBXBuildFile; fileRef = 8AD09DCA2BD91A45008E56D1 /* LoginView.swift */; };
		8AD09DCD2BD91A56008E56D1 /* RegistrationView.swift in Sources */ = {isa = PBXBuildFile; fileRef = 8AD09DCC2BD91A56008E56D1 /* RegistrationView.swift */; };
		8AD09DD02BD92E26008E56D1 /* CustomTextField.swift in Sources */ = {isa = PBXBuildFile; fileRef = 8AD09DCF2BD92E26008E56D1 /* CustomTextField.swift */; };
		8AD09DD32BD97065008E56D1 /* MainTabView.swift in Sources */ = {isa = PBXBuildFile; fileRef = 8AD09DD22BD97065008E56D1 /* MainTabView.swift */; };
		8AD09DD82BD9FE72008E56D1 /* ChannelsView.swift in Sources */ = {isa = PBXBuildFile; fileRef = 8AD09DD72BD9FE72008E56D1 /* ChannelsView.swift */; };
		8AD09DDA2BD9FE7D008E56D1 /* SettingsView.swift in Sources */ = {isa = PBXBuildFile; fileRef = 8AD09DD92BD9FE7D008E56D1 /* SettingsView.swift */; };
		8AD09DDC2BD9FE8C008E56D1 /* ChatView.swift in Sources */ = {isa = PBXBuildFile; fileRef = 8AD09DDB2BD9FE8C008E56D1 /* ChatView.swift */; };
		8AD09DDF2BD9FEAD008E56D1 /* ConversationsView.swift in Sources */ = {isa = PBXBuildFile; fileRef = 8AD09DDE2BD9FEAD008E56D1 /* ConversationsView.swift */; };
		8AD09DE12BDA426F008E56D1 /* SettingsHeader.swift in Sources */ = {isa = PBXBuildFile; fileRef = 8AD09DE02BDA426F008E56D1 /* SettingsHeader.swift */; };
		8AD09DE32BDA43B3008E56D1 /* SettingsCell.swift in Sources */ = {isa = PBXBuildFile; fileRef = 8AD09DE22BDA43B3008E56D1 /* SettingsCell.swift */; };
		8AD09DE52BDA4D80008E56D1 /* SettingsType.swift in Sources */ = {isa = PBXBuildFile; fileRef = 8AD09DE42BDA4D80008E56D1 /* SettingsType.swift */; };
		8AD09DE82BDA655D008E56D1 /* EditProfile.swift in Sources */ = {isa = PBXBuildFile; fileRef = 8AD09DE72BDA655D008E56D1 /* EditProfile.swift */; };
		8AD09DEA2BDA774F008E56D1 /* StatusSelector.swift in Sources */ = {isa = PBXBuildFile; fileRef = 8AD09DE92BDA774F008E56D1 /* StatusSelector.swift */; };
		8AD09DEC2BDA8189008E56D1 /* UserStatus.swift in Sources */ = {isa = PBXBuildFile; fileRef = 8AD09DEB2BDA8189008E56D1 /* UserStatus.swift */; };
		8AD09DEF2BDA83E3008E56D1 /* StatusCell.swift in Sources */ = {isa = PBXBuildFile; fileRef = 8AD09DEE2BDA83E3008E56D1 /* StatusCell.swift */; };
		8AD09DF12BDA8855008E56D1 /* StatusViewModel.swift in Sources */ = {isa = PBXBuildFile; fileRef = 8AD09DF02BDA8855008E56D1 /* StatusViewModel.swift */; };
		8AD09DF42BDA8BAA008E56D1 /* ImagePicker.swift in Sources */ = {isa = PBXBuildFile; fileRef = 8AD09DF32BDA8BAA008E56D1 /* ImagePicker.swift */; };
		8AD09DF62BDAAD1D008E56D1 /* ProfileHeader.swift in Sources */ = {isa = PBXBuildFile; fileRef = 8AD09DF52BDAAD1D008E56D1 /* ProfileHeader.swift */; };
		8AD09DF92BDB8063008E56D1 /* ConversationCell.swift in Sources */ = {isa = PBXBuildFile; fileRef = 8AD09DF82BDB8063008E56D1 /* ConversationCell.swift */; };
		8AD09DFB2BDB8574008E56D1 /* NewMessage.swift in Sources */ = {isa = PBXBuildFile; fileRef = 8AD09DFA2BDB8574008E56D1 /* NewMessage.swift */; };
		8AD09DFD2BDB8593008E56D1 /* UserCell.swift in Sources */ = {isa = PBXBuildFile; fileRef = 8AD09DFC2BDB8593008E56D1 /* UserCell.swift */; };
		8AD09DFF2BDB98AD008E56D1 /* SearchBar.swift in Sources */ = {isa = PBXBuildFile; fileRef = 8AD09DFE2BDB98AD008E56D1 /* SearchBar.swift */; };
		8AD09E012BDBA0DF008E56D1 /* Extensions.swift in Sources */ = {isa = PBXBuildFile; fileRef = 8AD09E002BDBA0DF008E56D1 /* Extensions.swift */; };
		8AD09E032BDBA541008E56D1 /* ChatBubble.swift in Sources */ = {isa = PBXBuildFile; fileRef = 8AD09E022BDBA541008E56D1 /* ChatBubble.swift */; };
		8AD09E052BDBA959008E56D1 /* Message.swift in Sources */ = {isa = PBXBuildFile; fileRef = 8AD09E042BDBA959008E56D1 /* Message.swift */; };
		8AD09E072BDBB059008E56D1 /* CustomInput.swift in Sources */ = {isa = PBXBuildFile; fileRef = 8AD09E062BDBB059008E56D1 /* CustomInput.swift */; };
		8AD09E092BDBBF8C008E56D1 /* MessageModel.swift in Sources */ = {isa = PBXBuildFile; fileRef = 8AD09E082BDBBF8C008E56D1 /* MessageModel.swift */; };
		8AD09E0B2BDBC05D008E56D1 /* ChatViewModel.swift in Sources */ = {isa = PBXBuildFile; fileRef = 8AD09E0A2BDBC05D008E56D1 /* ChatViewModel.swift */; };
		8AD92E7C2BDE6D290099F2BB /* AuthViewModel.swift in Sources */ = {isa = PBXBuildFile; fileRef = 8AD92E7B2BDE6D290099F2BB /* AuthViewModel.swift */; };
		8AD92E7E2BDE8ED50099F2BB /* ProfilePhotoSelector.swift in Sources */ = {isa = PBXBuildFile; fileRef = 8AD92E7D2BDE8ED50099F2BB /* ProfilePhotoSelector.swift */; };
/* End PBXBuildFile section */

/* Begin PBXFileReference section */
		8A9F40262BDBF04600EF15C6 /* GoogleService-Info.plist */ = {isa = PBXFileReference; fileEncoding = 4; lastKnownFileType = text.plist.xml; path = "GoogleService-Info.plist"; sourceTree = "<group>"; };
		8AD09DB32BD80A97008E56D1 /* ChatCloneSwiftUI.app */ = {isa = PBXFileReference; explicitFileType = wrapper.application; includeInIndex = 0; path = ChatCloneSwiftUI.app; sourceTree = BUILT_PRODUCTS_DIR; };
		8AD09DB62BD80A97008E56D1 /* ChatCloneSwiftUIApp.swift */ = {isa = PBXFileReference; lastKnownFileType = sourcecode.swift; path = ChatCloneSwiftUIApp.swift; sourceTree = "<group>"; };
		8AD09DB82BD80A97008E56D1 /* ContentView.swift */ = {isa = PBXFileReference; lastKnownFileType = sourcecode.swift; path = ContentView.swift; sourceTree = "<group>"; };
		8AD09DBA2BD80A9A008E56D1 /* Assets.xcassets */ = {isa = PBXFileReference; lastKnownFileType = folder.assetcatalog; path = Assets.xcassets; sourceTree = "<group>"; };
		8AD09DBD2BD80A9A008E56D1 /* Preview Assets.xcassets */ = {isa = PBXFileReference; lastKnownFileType = folder.assetcatalog; path = "Preview Assets.xcassets"; sourceTree = "<group>"; };
		8AD09DCA2BD91A45008E56D1 /* LoginView.swift */ = {isa = PBXFileReference; lastKnownFileType = sourcecode.swift; path = LoginView.swift; sourceTree = "<group>"; };
		8AD09DCC2BD91A56008E56D1 /* RegistrationView.swift */ = {isa = PBXFileReference; lastKnownFileType = sourcecode.swift; path = RegistrationView.swift; sourceTree = "<group>"; };
		8AD09DCF2BD92E26008E56D1 /* CustomTextField.swift */ = {isa = PBXFileReference; lastKnownFileType = sourcecode.swift; path = CustomTextField.swift; sourceTree = "<group>"; };
		8AD09DD22BD97065008E56D1 /* MainTabView.swift */ = {isa = PBXFileReference; lastKnownFileType = sourcecode.swift; path = MainTabView.swift; sourceTree = "<group>"; };
		8AD09DD72BD9FE72008E56D1 /* ChannelsView.swift */ = {isa = PBXFileReference; lastKnownFileType = sourcecode.swift; path = ChannelsView.swift; sourceTree = "<group>"; };
		8AD09DD92BD9FE7D008E56D1 /* SettingsView.swift */ = {isa = PBXFileReference; lastKnownFileType = sourcecode.swift; path = SettingsView.swift; sourceTree = "<group>"; };
		8AD09DDB2BD9FE8C008E56D1 /* ChatView.swift */ = {isa = PBXFileReference; lastKnownFileType = sourcecode.swift; path = ChatView.swift; sourceTree = "<group>"; };
		8AD09DDE2BD9FEAD008E56D1 /* ConversationsView.swift */ = {isa = PBXFileReference; lastKnownFileType = sourcecode.swift; path = ConversationsView.swift; sourceTree = "<group>"; };
		8AD09DE02BDA426F008E56D1 /* SettingsHeader.swift */ = {isa = PBXFileReference; lastKnownFileType = sourcecode.swift; path = SettingsHeader.swift; sourceTree = "<group>"; };
		8AD09DE22BDA43B3008E56D1 /* SettingsCell.swift */ = {isa = PBXFileReference; lastKnownFileType = sourcecode.swift; path = SettingsCell.swift; sourceTree = "<group>"; };
		8AD09DE42BDA4D80008E56D1 /* SettingsType.swift */ = {isa = PBXFileReference; lastKnownFileType = sourcecode.swift; path = SettingsType.swift; sourceTree = "<group>"; };
		8AD09DE72BDA655D008E56D1 /* EditProfile.swift */ = {isa = PBXFileReference; lastKnownFileType = sourcecode.swift; path = EditProfile.swift; sourceTree = "<group>"; };
		8AD09DE92BDA774F008E56D1 /* StatusSelector.swift */ = {isa = PBXFileReference; lastKnownFileType = sourcecode.swift; path = StatusSelector.swift; sourceTree = "<group>"; };
		8AD09DEB2BDA8189008E56D1 /* UserStatus.swift */ = {isa = PBXFileReference; lastKnownFileType = sourcecode.swift; path = UserStatus.swift; sourceTree = "<group>"; };
		8AD09DEE2BDA83E3008E56D1 /* StatusCell.swift */ = {isa = PBXFileReference; lastKnownFileType = sourcecode.swift; path = StatusCell.swift; sourceTree = "<group>"; };
		8AD09DF02BDA8855008E56D1 /* StatusViewModel.swift */ = {isa = PBXFileReference; lastKnownFileType = sourcecode.swift; path = StatusViewModel.swift; sourceTree = "<group>"; };
		8AD09DF32BDA8BAA008E56D1 /* ImagePicker.swift */ = {isa = PBXFileReference; lastKnownFileType = sourcecode.swift; path = ImagePicker.swift; sourceTree = "<group>"; };
		8AD09DF52BDAAD1D008E56D1 /* ProfileHeader.swift */ = {isa = PBXFileReference; lastKnownFileType = sourcecode.swift; path = ProfileHeader.swift; sourceTree = "<group>"; };
		8AD09DF82BDB8063008E56D1 /* ConversationCell.swift */ = {isa = PBXFileReference; lastKnownFileType = sourcecode.swift; path = ConversationCell.swift; sourceTree = "<group>"; };
		8AD09DFA2BDB8574008E56D1 /* NewMessage.swift */ = {isa = PBXFileReference; lastKnownFileType = sourcecode.swift; path = NewMessage.swift; sourceTree = "<group>"; };
		8AD09DFC2BDB8593008E56D1 /* UserCell.swift */ = {isa = PBXFileReference; lastKnownFileType = sourcecode.swift; path = UserCell.swift; sourceTree = "<group>"; };
		8AD09DFE2BDB98AD008E56D1 /* SearchBar.swift */ = {isa = PBXFileReference; lastKnownFileType = sourcecode.swift; path = SearchBar.swift; sourceTree = "<group>"; };
		8AD09E002BDBA0DF008E56D1 /* Extensions.swift */ = {isa = PBXFileReference; lastKnownFileType = sourcecode.swift; path = Extensions.swift; sourceTree = "<group>"; };
		8AD09E022BDBA541008E56D1 /* ChatBubble.swift */ = {isa = PBXFileReference; lastKnownFileType = sourcecode.swift; path = ChatBubble.swift; sourceTree = "<group>"; };
		8AD09E042BDBA959008E56D1 /* Message.swift */ = {isa = PBXFileReference; lastKnownFileType = sourcecode.swift; path = Message.swift; sourceTree = "<group>"; };
		8AD09E062BDBB059008E56D1 /* CustomInput.swift */ = {isa = PBXFileReference; lastKnownFileType = sourcecode.swift; path = CustomInput.swift; sourceTree = "<group>"; };
		8AD09E082BDBBF8C008E56D1 /* MessageModel.swift */ = {isa = PBXFileReference; lastKnownFileType = sourcecode.swift; path = MessageModel.swift; sourceTree = "<group>"; };
		8AD09E0A2BDBC05D008E56D1 /* ChatViewModel.swift */ = {isa = PBXFileReference; lastKnownFileType = sourcecode.swift; path = ChatViewModel.swift; sourceTree = "<group>"; };
		8AD92E7B2BDE6D290099F2BB /* AuthViewModel.swift */ = {isa = PBXFileReference; lastKnownFileType = sourcecode.swift; path = AuthViewModel.swift; sourceTree = "<group>"; };
		8AD92E7D2BDE8ED50099F2BB /* ProfilePhotoSelector.swift */ = {isa = PBXFileReference; lastKnownFileType = sourcecode.swift; path = ProfilePhotoSelector.swift; sourceTree = "<group>"; };
/* End PBXFileReference section */

/* Begin PBXFrameworksBuildPhase section */
		8AD09DB02BD80A97008E56D1 /* Frameworks */ = {
			isa = PBXFrameworksBuildPhase;
			buildActionMask = 2147483647;
			files = (
			);
			runOnlyForDeploymentPostprocessing = 0;
		};
/* End PBXFrameworksBuildPhase section */

/* Begin PBXGroup section */
		8AD09DAA2BD80A97008E56D1 = {
			isa = PBXGroup;
			children = (
				8AD09DB52BD80A97008E56D1 /* ChatCloneSwiftUI */,
				8AD09DB42BD80A97008E56D1 /* Products */,
				95C1D3702BDC04B000A11C3E /* Frameworks */,
			);
			sourceTree = "<group>";
		};
		8AD09DB42BD80A97008E56D1 /* Products */ = {
			isa = PBXGroup;
			children = (
				8AD09DB32BD80A97008E56D1 /* ChatCloneSwiftUI.app */,
			);
			name = Products;
			sourceTree = "<group>";
		};
		8AD09DB52BD80A97008E56D1 /* ChatCloneSwiftUI */ = {
			isa = PBXGroup;
			children = (
				8AD09DCE2BD91E1B008E56D1 /* App */,
				8AD09DC42BD8BB28008E56D1 /* API */,
				8AD09DBA2BD80A9A008E56D1 /* Assets.xcassets */,
				8A9F40262BDBF04600EF15C6 /* GoogleService-Info.plist */,
				8AD09DB82BD80A97008E56D1 /* ContentView.swift */,
				8AD09DC62BD8BB38008E56D1 /* Model */,
				8AD09DBC2BD80A9A008E56D1 /* Preview Content */,
				8AD09DC72BD8BB58008E56D1 /* Utils */,
				8AD09DC52BD8BB35008E56D1 /* View */,
				8AD09DC82BD8BB5E008E56D1 /* ViewModel */,
			);
			path = ChatCloneSwiftUI;
			sourceTree = "<group>";
		};
		8AD09DBC2BD80A9A008E56D1 /* Preview Content */ = {
			isa = PBXGroup;
			children = (
				8AD09DBD2BD80A9A008E56D1 /* Preview Assets.xcassets */,
			);
			path = "Preview Content";
			sourceTree = "<group>";
		};
		8AD09DC42BD8BB28008E56D1 /* API */ = {
			isa = PBXGroup;
			children = (
			);
			path = API;
			sourceTree = "<group>";
		};
		8AD09DC52BD8BB35008E56D1 /* View */ = {
			isa = PBXGroup;
			children = (
				8AD09DC92BD91A1A008E56D1 /* Authentikation */,
				8AD09DD42BD9FE48008E56D1 /* Channels */,
				8AD09DD62BD9FE5C008E56D1 /* Chats */,
				8AD09DDD2BD9FE98008E56D1 /* Conversations */,
				8AD09DD12BD97037008E56D1 /* Main */,
				8AD09DD52BD9FE54008E56D1 /* Settings */,
			);
			path = View;
			sourceTree = "<group>";
		};
		8AD09DC62BD8BB38008E56D1 /* Model */ = {
			isa = PBXGroup;
			children = (
				8AD09E082BDBBF8C008E56D1 /* MessageModel.swift */,
			);
			path = Model;
			sourceTree = "<group>";
		};
		8AD09DC72BD8BB58008E56D1 /* Utils */ = {
			isa = PBXGroup;
			children = (
				8AD09DCF2BD92E26008E56D1 /* CustomTextField.swift */,
				8AD09DF32BDA8BAA008E56D1 /* ImagePicker.swift */,
				8AD09DFE2BDB98AD008E56D1 /* SearchBar.swift */,
				8AD09E002BDBA0DF008E56D1 /* Extensions.swift */,
			);
			path = Utils;
			sourceTree = "<group>";
		};
		8AD09DC82BD8BB5E008E56D1 /* ViewModel */ = {
			isa = PBXGroup;
			children = (
				8AD09E0A2BDBC05D008E56D1 /* ChatViewModel.swift */,
				8AD09DF22BDA8872008E56D1 /* Enums */,
				8AD09DF02BDA8855008E56D1 /* StatusViewModel.swift */,
				8AD92E7B2BDE6D290099F2BB /* AuthViewModel.swift */,
			);
			path = ViewModel;
			sourceTree = "<group>";
		};
		8AD09DC92BD91A1A008E56D1 /* Authentikation */ = {
			isa = PBXGroup;
			children = (
				8AD09DCA2BD91A45008E56D1 /* LoginView.swift */,
				8AD09DCC2BD91A56008E56D1 /* RegistrationView.swift */,
				8AD92E7D2BDE8ED50099F2BB /* ProfilePhotoSelector.swift */,
			);
			path = Authentikation;
			sourceTree = "<group>";
		};
		8AD09DCE2BD91E1B008E56D1 /* App */ = {
			isa = PBXGroup;
			children = (
				8AD09DB62BD80A97008E56D1 /* ChatCloneSwiftUIApp.swift */,
			);
			path = App;
			sourceTree = "<group>";
		};
		8AD09DD12BD97037008E56D1 /* Main */ = {
			isa = PBXGroup;
			children = (
				8AD09DD22BD97065008E56D1 /* MainTabView.swift */,
			);
			path = Main;
			sourceTree = "<group>";
		};
		8AD09DD42BD9FE48008E56D1 /* Channels */ = {
			isa = PBXGroup;
			children = (
				8AD09DD72BD9FE72008E56D1 /* ChannelsView.swift */,
			);
			path = Channels;
			sourceTree = "<group>";
		};
		8AD09DD52BD9FE54008E56D1 /* Settings */ = {
			isa = PBXGroup;
			children = (
				8AD09DED2BDA83D7008E56D1 /* Cells */,
				8AD09DE72BDA655D008E56D1 /* EditProfile.swift */,
				8AD09DF52BDAAD1D008E56D1 /* ProfileHeader.swift */,
				8AD09DE02BDA426F008E56D1 /* SettingsHeader.swift */,
				8AD09DD92BD9FE7D008E56D1 /* SettingsView.swift */,
				8AD09DE92BDA774F008E56D1 /* StatusSelector.swift */,
			);
			path = Settings;
			sourceTree = "<group>";
		};
		8AD09DD62BD9FE5C008E56D1 /* Chats */ = {
			isa = PBXGroup;
			children = (
				8AD09E022BDBA541008E56D1 /* ChatBubble.swift */,
				8AD09DDB2BD9FE8C008E56D1 /* ChatView.swift */,
				8AD09E062BDBB059008E56D1 /* CustomInput.swift */,
				8AD09E042BDBA959008E56D1 /* Message.swift */,
			);
			path = Chats;
			sourceTree = "<group>";
		};
		8AD09DDD2BD9FE98008E56D1 /* Conversations */ = {
			isa = PBXGroup;
			children = (
				8AD09DF72BDB804A008E56D1 /* Cells */,
				8AD09DDE2BD9FEAD008E56D1 /* ConversationsView.swift */,
				8AD09DFA2BDB8574008E56D1 /* NewMessage.swift */,
			);
			path = Conversations;
			sourceTree = "<group>";
		};
		8AD09DED2BDA83D7008E56D1 /* Cells */ = {
			isa = PBXGroup;
			children = (
				8AD09DE22BDA43B3008E56D1 /* SettingsCell.swift */,
				8AD09DEE2BDA83E3008E56D1 /* StatusCell.swift */,
			);
			path = Cells;
			sourceTree = "<group>";
		};
		8AD09DF22BDA8872008E56D1 /* Enums */ = {
			isa = PBXGroup;
			children = (
				8AD09DE42BDA4D80008E56D1 /* SettingsType.swift */,
				8AD09DEB2BDA8189008E56D1 /* UserStatus.swift */,
			);
			path = Enums;
			sourceTree = "<group>";
		};
		8AD09DF72BDB804A008E56D1 /* Cells */ = {
			isa = PBXGroup;
			children = (
				8AD09DF82BDB8063008E56D1 /* ConversationCell.swift */,
				8AD09DFC2BDB8593008E56D1 /* UserCell.swift */,
			);
			path = Cells;
			sourceTree = "<group>";
		};
		95C1D3702BDC04B000A11C3E /* Frameworks */ = {
			isa = PBXGroup;
			children = (
			);
			name = Frameworks;
			sourceTree = "<group>";
		};
/* End PBXGroup section */

/* Begin PBXNativeTarget section */
		8AD09DB22BD80A97008E56D1 /* ChatCloneSwiftUI */ = {
			isa = PBXNativeTarget;
			buildConfigurationList = 8AD09DC12BD80A9A008E56D1 /* Build configuration list for PBXNativeTarget "ChatCloneSwiftUI" */;
			buildPhases = (
				8AD09DAF2BD80A97008E56D1 /* Sources */,
				8AD09DB02BD80A97008E56D1 /* Frameworks */,
				8AD09DB12BD80A97008E56D1 /* Resources */,
			);
			buildRules = (
			);
			dependencies = (
			);
			name = ChatCloneSwiftUI;
			packageProductDependencies = (
			);
			productName = ChatCloneSwiftUI;
			productReference = 8AD09DB32BD80A97008E56D1 /* ChatCloneSwiftUI.app */;
			productType = "com.apple.product-type.application";
		};
/* End PBXNativeTarget section */

/* Begin PBXProject section */
		8AD09DAB2BD80A97008E56D1 /* Project object */ = {
			isa = PBXProject;
			attributes = {
				BuildIndependentTargetsInParallel = 1;
				LastSwiftUpdateCheck = 1530;
				LastUpgradeCheck = 1530;
				TargetAttributes = {
					8AD09DB22BD80A97008E56D1 = {
						CreatedOnToolsVersion = 15.3;
					};
				};
			};
			buildConfigurationList = 8AD09DAE2BD80A97008E56D1 /* Build configuration list for PBXProject "ChatCloneSwiftUI" */;
			compatibilityVersion = "Xcode 14.0";
			developmentRegion = en;
			hasScannedForEncodings = 0;
			knownRegions = (
				en,
				Base,
			);
			mainGroup = 8AD09DAA2BD80A97008E56D1;
			packageReferences = (
				8AD92E7A2BDE68E00099F2BB /* XCRemoteSwiftPackageReference "FirebaseLibrary" */,
			);
			productRefGroup = 8AD09DB42BD80A97008E56D1 /* Products */;
			projectDirPath = "";
			projectRoot = "";
			targets = (
				8AD09DB22BD80A97008E56D1 /* ChatCloneSwiftUI */,
			);
		};
/* End PBXProject section */

/* Begin PBXResourcesBuildPhase section */
		8AD09DB12BD80A97008E56D1 /* Resources */ = {
			isa = PBXResourcesBuildPhase;
			buildActionMask = 2147483647;
			files = (
				8AD09DBE2BD80A9A008E56D1 /* Preview Assets.xcassets in Resources */,
				8AD09DBB2BD80A9A008E56D1 /* Assets.xcassets in Resources */,
				8A9F40272BDBF04600EF15C6 /* GoogleService-Info.plist in Resources */,
			);
			runOnlyForDeploymentPostprocessing = 0;
		};
/* End PBXResourcesBuildPhase section */

/* Begin PBXSourcesBuildPhase section */
		8AD09DAF2BD80A97008E56D1 /* Sources */ = {
			isa = PBXSourcesBuildPhase;
			buildActionMask = 2147483647;
			files = (
				8AD09DEC2BDA8189008E56D1 /* UserStatus.swift in Sources */,
				8AD09E032BDBA541008E56D1 /* ChatBubble.swift in Sources */,
				8AD09DEA2BDA774F008E56D1 /* StatusSelector.swift in Sources */,
				8AD09DCB2BD91A45008E56D1 /* LoginView.swift in Sources */,
				8AD09E092BDBBF8C008E56D1 /* MessageModel.swift in Sources */,
				8AD09DDA2BD9FE7D008E56D1 /* SettingsView.swift in Sources */,
				8AD09DFB2BDB8574008E56D1 /* NewMessage.swift in Sources */,
				8AD09DFF2BDB98AD008E56D1 /* SearchBar.swift in Sources */,
				8AD09E072BDBB059008E56D1 /* CustomInput.swift in Sources */,
				8AD09DEF2BDA83E3008E56D1 /* StatusCell.swift in Sources */,
				8AD09DE52BDA4D80008E56D1 /* SettingsType.swift in Sources */,
				8AD09DE32BDA43B3008E56D1 /* SettingsCell.swift in Sources */,
				8AD09DF42BDA8BAA008E56D1 /* ImagePicker.swift in Sources */,
				8AD09DF62BDAAD1D008E56D1 /* ProfileHeader.swift in Sources */,
				8AD09DD82BD9FE72008E56D1 /* ChannelsView.swift in Sources */,
				8AD09DFD2BDB8593008E56D1 /* UserCell.swift in Sources */,
				8AD09DE82BDA655D008E56D1 /* EditProfile.swift in Sources */,
				8AD92E7E2BDE8ED50099F2BB /* ProfilePhotoSelector.swift in Sources */,
				8AD09DDF2BD9FEAD008E56D1 /* ConversationsView.swift in Sources */,
				8AD09DB92BD80A97008E56D1 /* ContentView.swift in Sources */,
				8AD09DDC2BD9FE8C008E56D1 /* ChatView.swift in Sources */,
				8AD09DB72BD80A97008E56D1 /* ChatCloneSwiftUIApp.swift in Sources */,
				8AD09DCD2BD91A56008E56D1 /* RegistrationView.swift in Sources */,
				8AD09DD02BD92E26008E56D1 /* CustomTextField.swift in Sources */,
				8AD09E052BDBA959008E56D1 /* Message.swift in Sources */,
				8AD09E012BDBA0DF008E56D1 /* Extensions.swift in Sources */,
				8AD09DE12BDA426F008E56D1 /* SettingsHeader.swift in Sources */,
				8AD92E7C2BDE6D290099F2BB /* AuthViewModel.swift in Sources */,
				8AD09DF12BDA8855008E56D1 /* StatusViewModel.swift in Sources */,
				8AD09DD32BD97065008E56D1 /* MainTabView.swift in Sources */,
				8AD09E0B2BDBC05D008E56D1 /* ChatViewModel.swift in Sources */,
				8AD09DF92BDB8063008E56D1 /* ConversationCell.swift in Sources */,
			);
			runOnlyForDeploymentPostprocessing = 0;
		};
/* End PBXSourcesBuildPhase section */

/* Begin XCBuildConfiguration section */
		8AD09DBF2BD80A9A008E56D1 /* Debug */ = {
			isa = XCBuildConfiguration;
			buildSettings = {
				ALWAYS_SEARCH_USER_PATHS = NO;
				ASSETCATALOG_COMPILER_GENERATE_SWIFT_ASSET_SYMBOL_EXTENSIONS = YES;
				CLANG_ANALYZER_NONNULL = YES;
				CLANG_ANALYZER_NUMBER_OBJECT_CONVERSION = YES_AGGRESSIVE;
				CLANG_CXX_LANGUAGE_STANDARD = "gnu++20";
				CLANG_ENABLE_MODULES = YES;
				CLANG_ENABLE_OBJC_ARC = YES;
				CLANG_ENABLE_OBJC_WEAK = YES;
				CLANG_WARN_BLOCK_CAPTURE_AUTORELEASING = YES;
				CLANG_WARN_BOOL_CONVERSION = YES;
				CLANG_WARN_COMMA = YES;
				CLANG_WARN_CONSTANT_CONVERSION = YES;
				CLANG_WARN_DEPRECATED_OBJC_IMPLEMENTATIONS = YES;
				CLANG_WARN_DIRECT_OBJC_ISA_USAGE = YES_ERROR;
				CLANG_WARN_DOCUMENTATION_COMMENTS = YES;
				CLANG_WARN_EMPTY_BODY = YES;
				CLANG_WARN_ENUM_CONVERSION = YES;
				CLANG_WARN_INFINITE_RECURSION = YES;
				CLANG_WARN_INT_CONVERSION = YES;
				CLANG_WARN_NON_LITERAL_NULL_CONVERSION = YES;
				CLANG_WARN_OBJC_IMPLICIT_RETAIN_SELF = YES;
				CLANG_WARN_OBJC_LITERAL_CONVERSION = YES;
				CLANG_WARN_OBJC_ROOT_CLASS = YES_ERROR;
				CLANG_WARN_QUOTED_INCLUDE_IN_FRAMEWORK_HEADER = YES;
				CLANG_WARN_RANGE_LOOP_ANALYSIS = YES;
				CLANG_WARN_STRICT_PROTOTYPES = YES;
				CLANG_WARN_SUSPICIOUS_MOVE = YES;
				CLANG_WARN_UNGUARDED_AVAILABILITY = YES_AGGRESSIVE;
				CLANG_WARN_UNREACHABLE_CODE = YES;
				CLANG_WARN__DUPLICATE_METHOD_MATCH = YES;
				COPY_PHASE_STRIP = NO;
				DEBUG_INFORMATION_FORMAT = dwarf;
				ENABLE_STRICT_OBJC_MSGSEND = YES;
				ENABLE_TESTABILITY = YES;
				ENABLE_USER_SCRIPT_SANDBOXING = YES;
				GCC_C_LANGUAGE_STANDARD = gnu17;
				GCC_DYNAMIC_NO_PIC = NO;
				GCC_NO_COMMON_BLOCKS = YES;
				GCC_OPTIMIZATION_LEVEL = 0;
				GCC_PREPROCESSOR_DEFINITIONS = (
					"DEBUG=1",
					"$(inherited)",
				);
				GCC_WARN_64_TO_32_BIT_CONVERSION = YES;
				GCC_WARN_ABOUT_RETURN_TYPE = YES_ERROR;
				GCC_WARN_UNDECLARED_SELECTOR = YES;
				GCC_WARN_UNINITIALIZED_AUTOS = YES_AGGRESSIVE;
				GCC_WARN_UNUSED_FUNCTION = YES;
				GCC_WARN_UNUSED_VARIABLE = YES;
				IPHONEOS_DEPLOYMENT_TARGET = 17.0;
				LOCALIZATION_PREFERS_STRING_CATALOGS = YES;
				MTL_ENABLE_DEBUG_INFO = INCLUDE_SOURCE;
				MTL_FAST_MATH = YES;
				ONLY_ACTIVE_ARCH = YES;
				SDKROOT = iphoneos;
				SWIFT_ACTIVE_COMPILATION_CONDITIONS = "DEBUG $(inherited)";
				SWIFT_OPTIMIZATION_LEVEL = "-Onone";
			};
			name = Debug;
		};
		8AD09DC02BD80A9A008E56D1 /* Release */ = {
			isa = XCBuildConfiguration;
			buildSettings = {
				ALWAYS_SEARCH_USER_PATHS = NO;
				ASSETCATALOG_COMPILER_GENERATE_SWIFT_ASSET_SYMBOL_EXTENSIONS = YES;
				CLANG_ANALYZER_NONNULL = YES;
				CLANG_ANALYZER_NUMBER_OBJECT_CONVERSION = YES_AGGRESSIVE;
				CLANG_CXX_LANGUAGE_STANDARD = "gnu++20";
				CLANG_ENABLE_MODULES = YES;
				CLANG_ENABLE_OBJC_ARC = YES;
				CLANG_ENABLE_OBJC_WEAK = YES;
				CLANG_WARN_BLOCK_CAPTURE_AUTORELEASING = YES;
				CLANG_WARN_BOOL_CONVERSION = YES;
				CLANG_WARN_COMMA = YES;
				CLANG_WARN_CONSTANT_CONVERSION = YES;
				CLANG_WARN_DEPRECATED_OBJC_IMPLEMENTATIONS = YES;
				CLANG_WARN_DIRECT_OBJC_ISA_USAGE = YES_ERROR;
				CLANG_WARN_DOCUMENTATION_COMMENTS = YES;
				CLANG_WARN_EMPTY_BODY = YES;
				CLANG_WARN_ENUM_CONVERSION = YES;
				CLANG_WARN_INFINITE_RECURSION = YES;
				CLANG_WARN_INT_CONVERSION = YES;
				CLANG_WARN_NON_LITERAL_NULL_CONVERSION = YES;
				CLANG_WARN_OBJC_IMPLICIT_RETAIN_SELF = YES;
				CLANG_WARN_OBJC_LITERAL_CONVERSION = YES;
				CLANG_WARN_OBJC_ROOT_CLASS = YES_ERROR;
				CLANG_WARN_QUOTED_INCLUDE_IN_FRAMEWORK_HEADER = YES;
				CLANG_WARN_RANGE_LOOP_ANALYSIS = YES;
				CLANG_WARN_STRICT_PROTOTYPES = YES;
				CLANG_WARN_SUSPICIOUS_MOVE = YES;
				CLANG_WARN_UNGUARDED_AVAILABILITY = YES_AGGRESSIVE;
				CLANG_WARN_UNREACHABLE_CODE = YES;
				CLANG_WARN__DUPLICATE_METHOD_MATCH = YES;
				COPY_PHASE_STRIP = NO;
				DEBUG_INFORMATION_FORMAT = "dwarf-with-dsym";
				ENABLE_NS_ASSERTIONS = NO;
				ENABLE_STRICT_OBJC_MSGSEND = YES;
				ENABLE_USER_SCRIPT_SANDBOXING = YES;
				GCC_C_LANGUAGE_STANDARD = gnu17;
				GCC_NO_COMMON_BLOCKS = YES;
				GCC_WARN_64_TO_32_BIT_CONVERSION = YES;
				GCC_WARN_ABOUT_RETURN_TYPE = YES_ERROR;
				GCC_WARN_UNDECLARED_SELECTOR = YES;
				GCC_WARN_UNINITIALIZED_AUTOS = YES_AGGRESSIVE;
				GCC_WARN_UNUSED_FUNCTION = YES;
				GCC_WARN_UNUSED_VARIABLE = YES;
				IPHONEOS_DEPLOYMENT_TARGET = 17.0;
				LOCALIZATION_PREFERS_STRING_CATALOGS = YES;
				MTL_ENABLE_DEBUG_INFO = NO;
				MTL_FAST_MATH = YES;
				SDKROOT = iphoneos;
				SWIFT_COMPILATION_MODE = wholemodule;
				VALIDATE_PRODUCT = YES;
			};
			name = Release;
		};
		8AD09DC22BD80A9A008E56D1 /* Debug */ = {
			isa = XCBuildConfiguration;
			buildSettings = {
				ASSETCATALOG_COMPILER_APPICON_NAME = AppIcon;
				ASSETCATALOG_COMPILER_GLOBAL_ACCENT_COLOR_NAME = AccentColor;
				CODE_SIGN_STYLE = Automatic;
				CURRENT_PROJECT_VERSION = 1;
				DEVELOPMENT_ASSET_PATHS = "\"ChatCloneSwiftUI/Preview Content\"";
				ENABLE_PREVIEWS = YES;
				GENERATE_INFOPLIST_FILE = YES;
				INFOPLIST_KEY_UIApplicationSceneManifest_Generation = YES;
				INFOPLIST_KEY_UIApplicationSupportsIndirectInputEvents = YES;
				INFOPLIST_KEY_UILaunchScreen_Generation = YES;
				INFOPLIST_KEY_UISupportedInterfaceOrientations_iPad = "UIInterfaceOrientationPortrait UIInterfaceOrientationPortraitUpsideDown UIInterfaceOrientationLandscapeLeft UIInterfaceOrientationLandscapeRight";
				INFOPLIST_KEY_UISupportedInterfaceOrientations_iPhone = "UIInterfaceOrientationPortrait UIInterfaceOrientationLandscapeLeft UIInterfaceOrientationLandscapeRight";
				IPHONEOS_DEPLOYMENT_TARGET = 17.0;
				LD_RUNPATH_SEARCH_PATHS = (
					"$(inherited)",
					"@executable_path/Frameworks",
				);
				MARKETING_VERSION = 1.0;
				PRODUCT_BUNDLE_IDENTIFIER = com.ua.ChatCloneSwiftUI;
				PRODUCT_NAME = "$(TARGET_NAME)";
				SWIFT_EMIT_LOC_STRINGS = YES;
				SWIFT_VERSION = 5.0;
				TARGETED_DEVICE_FAMILY = "1,2";
			};
			name = Debug;
		};
		8AD09DC32BD80A9A008E56D1 /* Release */ = {
			isa = XCBuildConfiguration;
			buildSettings = {
				ASSETCATALOG_COMPILER_APPICON_NAME = AppIcon;
				ASSETCATALOG_COMPILER_GLOBAL_ACCENT_COLOR_NAME = AccentColor;
				CODE_SIGN_STYLE = Automatic;
				CURRENT_PROJECT_VERSION = 1;
				DEVELOPMENT_ASSET_PATHS = "\"ChatCloneSwiftUI/Preview Content\"";
				ENABLE_PREVIEWS = YES;
				GENERATE_INFOPLIST_FILE = YES;
				INFOPLIST_KEY_UIApplicationSceneManifest_Generation = YES;
				INFOPLIST_KEY_UIApplicationSupportsIndirectInputEvents = YES;
				INFOPLIST_KEY_UILaunchScreen_Generation = YES;
				INFOPLIST_KEY_UISupportedInterfaceOrientations_iPad = "UIInterfaceOrientationPortrait UIInterfaceOrientationPortraitUpsideDown UIInterfaceOrientationLandscapeLeft UIInterfaceOrientationLandscapeRight";
				INFOPLIST_KEY_UISupportedInterfaceOrientations_iPhone = "UIInterfaceOrientationPortrait UIInterfaceOrientationLandscapeLeft UIInterfaceOrientationLandscapeRight";
				IPHONEOS_DEPLOYMENT_TARGET = 17.0;
				LD_RUNPATH_SEARCH_PATHS = (
					"$(inherited)",
					"@executable_path/Frameworks",
				);
				MARKETING_VERSION = 1.0;
				PRODUCT_BUNDLE_IDENTIFIER = com.ua.ChatCloneSwiftUI;
				PRODUCT_NAME = "$(TARGET_NAME)";
				SWIFT_EMIT_LOC_STRINGS = YES;
				SWIFT_VERSION = 5.0;
				TARGETED_DEVICE_FAMILY = "1,2";
			};
			name = Release;
		};
/* End XCBuildConfiguration section */

/* Begin XCConfigurationList section */
		8AD09DAE2BD80A97008E56D1 /* Build configuration list for PBXProject "ChatCloneSwiftUI" */ = {
			isa = XCConfigurationList;
			buildConfigurations = (
				8AD09DBF2BD80A9A008E56D1 /* Debug */,
				8AD09DC02BD80A9A008E56D1 /* Release */,
			);
			defaultConfigurationIsVisible = 0;
			defaultConfigurationName = Release;
		};
		8AD09DC12BD80A9A008E56D1 /* Build configuration list for PBXNativeTarget "ChatCloneSwiftUI" */ = {
			isa = XCConfigurationList;
			buildConfigurations = (
				8AD09DC22BD80A9A008E56D1 /* Debug */,
				8AD09DC32BD80A9A008E56D1 /* Release */,
			);
			defaultConfigurationIsVisible = 0;
			defaultConfigurationName = Release;
		};
/* End XCConfigurationList section */

/* Begin XCRemoteSwiftPackageReference section */
		8AD92E7A2BDE68E00099F2BB /* XCRemoteSwiftPackageReference "FirebaseLibrary" */ = {
			isa = XCRemoteSwiftPackageReference;
			repositoryURL = "git@github.com:PrinceGosplana/FirebaseLibrary.git";
			requirement = {
				branch = main;
				kind = branch;
			};
		};
/* End XCRemoteSwiftPackageReference section */
	};
	rootObject = 8AD09DAB2BD80A97008E56D1 /* Project object */;
}
